Microsoft Visual Studio Solution File, Format Version 11.00
# Visual Studio 2008

Project("{E07A173E-0EC4-E4C7-F587-C77438C14B64}") = "blocks-programming-d68c7ff494e1d4a156f6e6cc0daf6344b3feb694", "Assembly-CSharp.csproj", "{FF8EE670-DB6F-A9A9-3F97-1A057C774823}"
EndProject
Global
	GlobalSection(SolutionConfigurationPlatforms) = preSolution
		Debug|Any CPU = Debug|Any CPU
		Release|Any CPU = Release|Any CPU
	EndGlobalSection
	GlobalSection(ProjectConfigurationPlatforms) = postSolution
		{FF8EE670-DB6F-A9A9-3F97-1A057C774823}.Debug|Any CPU.ActiveCfg = Debug|Any CPU
		{FF8EE670-DB6F-A9A9-3F97-1A057C774823}.Debug|Any CPU.Build.0 = Debug|Any CPU
		{FF8EE670-DB6F-A9A9-3F97-1A057C774823}.Release|Any CPU.ActiveCfg = Release|Any CPU
		{FF8EE670-DB6F-A9A9-3F97-1A057C774823}.Release|Any CPU.Build.0 = Release|Any CPU
	EndGlobalSection
	GlobalSection(SolutionProperties) = preSolution
		HideSolutionNode = FALSE
	EndGlobalSection
	GlobalSection(MonoDevelopProperties) = preSolution
		StartupItem = Assembly-CSharp.csproj
	EndGlobalSection
EndGlobal
